// !$*UTF8*$!
{
	archiveVersion = 1;
	classes = {
	};
	objectVersion = 46;
	objects = {

/* Begin PBXBuildFile section */
		6545B3471F68FFDD009B3475 /* main.m in Sources */ = {isa = PBXBuildFile; fileRef = 6545B3461F68FFDD009B3475 /* main.m */; };
		6545B34A1F68FFDD009B3475 /* AppDelegate.m in Sources */ = {isa = PBXBuildFile; fileRef = 6545B3491F68FFDD009B3475 /* AppDelegate.m */; };
		6545B34D1F68FFDD009B3475 /* ViewController.m in Sources */ = {isa = PBXBuildFile; fileRef = 6545B34C1F68FFDD009B3475 /* ViewController.m */; };
		6545B3501F68FFDE009B3475 /* Main.storyboard in Resources */ = {isa = PBXBuildFile; fileRef = 6545B34E1F68FFDE009B3475 /* Main.storyboard */; };
		6545B3521F68FFDE009B3475 /* Assets.xcassets in Resources */ = {isa = PBXBuildFile; fileRef = 6545B3511F68FFDE009B3475 /* Assets.xcassets */; };
		6545B3551F68FFDE009B3475 /* LaunchScreen.storyboard in Resources */ = {isa = PBXBuildFile; fileRef = 6545B3531F68FFDE009B3475 /* LaunchScreen.storyboard */; };
		6545B3601F68FFDE009B3475 /* JenkinsTestTests.m in Sources */ = {isa = PBXBuildFile; fileRef = 6545B35F1F68FFDE009B3475 /* JenkinsTestTests.m */; };
/* End PBXBuildFile section */

/* Begin PBXContainerItemProxy section */
		6545B35C1F68FFDE009B3475 /* PBXContainerItemProxy */ = {
			isa = PBXContainerItemProxy;
			containerPortal = 6545B33A1F68FFDD009B3475 /* Project object */;
			proxyType = 1;
			remoteGlobalIDString = 6545B3411F68FFDD009B3475;
			remoteInfo = JenkinsTest;
		};
/* End PBXContainerItemProxy section */

/* Begin PBXFileReference section */
		6545B3421F68FFDD009B3475 /* JenkinsTest.app */ = {isa = PBXFileReference; explicitFileType = wrapper.application; includeInIndex = 0; path = JenkinsTest.app; sourceTree = BUILT_PRODUCTS_DIR; };
		6545B3461F68FFDD009B3475 /* main.m */ = {isa = PBXFileReference; lastKnownFileType = sourcecode.c.objc; path = main.m; sourceTree = "<group>"; };
		6545B3481F68FFDD009B3475 /* AppDelegate.h */ = {isa = PBXFileReference; lastKnownFileType = sourcecode.c.h; path = AppDelegate.h; sourceTree = "<group>"; };
		6545B3491F68FFDD009B3475 /* AppDelegate.m */ = {isa = PBXFileReference; lastKnownFileType = sourcecode.c.objc; path = AppDelegate.m; sourceTree = "<group>"; };
		6545B34B1F68FFDD009B3475 /* ViewController.h */ = {isa = PBXFileReference; lastKnownFileType = sourcecode.c.h; path = ViewController.h; sourceTree = "<group>"; };
		6545B34C1F68FFDD009B3475 /* ViewController.m */ = {isa = PBXFileReference; lastKnownFileType = sourcecode.c.objc; path = ViewController.m; sourceTree = "<group>"; };
		6545B34F1F68FFDE009B3475 /* Base */ = {isa = PBXFileReference; lastKnownFileType = file.storyboard; name = Base; path = Base.lproj/Main.storyboard; sourceTree = "<group>"; };
		6545B3511F68FFDE009B3475 /* Assets.xcassets */ = {isa = PBXFileReference; lastKnownFileType = folder.assetcatalog; path = Assets.xcassets; sourceTree = "<group>"; };
		6545B3541F68FFDE009B3475 /* Base */ = {isa = PBXFileReference; lastKnownFileType = file.storyboard; name = Base; path = Base.lproj/LaunchScreen.storyboard; sourceTree = "<group>"; };
		6545B3561F68FFDE009B3475 /* Info.plist */ = {isa = PBXFileReference; lastKnownFileType = text.plist.xml; path = Info.plist; sourceTree = "<group>"; };
		6545B35B1F68FFDE009B3475 /* JenkinsTestTests.xctest */ = {isa = PBXFileReference; explicitFileType = wrapper.cfbundle; includeInIndex = 0; path = JenkinsTestTests.xctest; sourceTree = BUILT_PRODUCTS_DIR; };
		6545B35F1F68FFDE009B3475 /* JenkinsTestTests.m */ = {isa = PBXFileReference; lastKnownFileType = sourcecode.c.objc; path = JenkinsTestTests.m; sourceTree = "<group>"; };
		6545B3611F68FFDE009B3475 /* Info.plist */ = {isa = PBXFileReference; lastKnownFileType = text.plist.xml; path = Info.plist; sourceTree = "<group>"; };
/* End PBXFileReference section */

/* Begin PBXFrameworksBuildPhase section */
		6545B33F1F68FFDD009B3475 /* Frameworks */ = {
			isa = PBXFrameworksBuildPhase;
			buildActionMask = 2147483647;
			files = (
			);
			runOnlyForDeploymentPostprocessing = 0;
		};
		6545B3581F68FFDE009B3475 /* Frameworks */ = {
			isa = PBXFrameworksBuildPhase;
			buildActionMask = 2147483647;
			files = (
			);
			runOnlyForDeploymentPostprocessing = 0;
		};
/* End PBXFrameworksBuildPhase section */

/* Begin PBXGroup section */
		6545B3391F68FFDD009B3475 = {
			isa = PBXGroup;
			children = (
				6545B3441F68FFDD009B3475 /* JenkinsTest */,
				6545B35E1F68FFDE009B3475 /* JenkinsTestTests */,
				6545B3431F68FFDD009B3475 /* Products */,
			);
			sourceTree = "<group>";
		};
		6545B3431F68FFDD009B3475 /* Products */ = {
			isa = PBXGroup;
			children = (
				6545B3421F68FFDD009B3475 /* JenkinsTest.app */,
				6545B35B1F68FFDE009B3475 /* JenkinsTestTests.xctest */,
			);
			name = Products;
			sourceTree = "<group>";
		};
		6545B3441F68FFDD009B3475 /* JenkinsTest */ = {
			isa = PBXGroup;
			children = (
				6545B3481F68FFDD009B3475 /* AppDelegate.h */,
				6545B3491F68FFDD009B3475 /* AppDelegate.m */,
				6545B34B1F68FFDD009B3475 /* ViewController.h */,
				6545B34C1F68FFDD009B3475 /* ViewController.m */,
				6545B34E1F68FFDE009B3475 /* Main.storyboard */,
				6545B3511F68FFDE009B3475 /* Assets.xcassets */,
				6545B3531F68FFDE009B3475 /* LaunchScreen.storyboard */,
				6545B3561F68FFDE009B3475 /* Info.plist */,
				6545B3451F68FFDD009B3475 /* Supporting Files */,
			);
			path = JenkinsTest;
			sourceTree = "<group>";
		};
		6545B3451F68FFDD009B3475 /* Supporting Files */ = {
			isa = PBXGroup;
			children = (
				6545B3461F68FFDD009B3475 /* main.m */,
			);
			name = "Supporting Files";
			sourceTree = "<group>";
		};
		6545B35E1F68FFDE009B3475 /* JenkinsTestTests */ = {
			isa = PBXGroup;
			children = (
				6545B35F1F68FFDE009B3475 /* JenkinsTestTests.m */,
				6545B3611F68FFDE009B3475 /* Info.plist */,
			);
			path = JenkinsTestTests;
			sourceTree = "<group>";
		};
/* End PBXGroup section */

/* Begin PBXNativeTarget section */
		6545B3411F68FFDD009B3475 /* JenkinsTest */ = {
			isa = PBXNativeTarget;
			buildConfigurationList = 6545B3641F68FFDE009B3475 /* Build configuration list for PBXNativeTarget "JenkinsTest" */;
			buildPhases = (
				6545B33E1F68FFDD009B3475 /* Sources */,
				6545B33F1F68FFDD009B3475 /* Frameworks */,
				6545B3401F68FFDD009B3475 /* Resources */,
			);
			buildRules = (
			);
			dependencies = (
			);
			name = JenkinsTest;
			productName = JenkinsTest;
			productReference = 6545B3421F68FFDD009B3475 /* JenkinsTest.app */;
			productType = "com.apple.product-type.application";
		};
		6545B35A1F68FFDE009B3475 /* JenkinsTestTests */ = {
			isa = PBXNativeTarget;
			buildConfigurationList = 6545B3671F68FFDE009B3475 /* Build configuration list for PBXNativeTarget "JenkinsTestTests" */;
			buildPhases = (
				6545B3571F68FFDE009B3475 /* Sources */,
				6545B3581F68FFDE009B3475 /* Frameworks */,
				6545B3591F68FFDE009B3475 /* Resources */,
			);
			buildRules = (
			);
			dependencies = (
				6545B35D1F68FFDE009B3475 /* PBXTargetDependency */,
			);
			name = JenkinsTestTests;
			productName = JenkinsTestTests;
			productReference = 6545B35B1F68FFDE009B3475 /* JenkinsTestTests.xctest */;
			productType = "com.apple.product-type.bundle.unit-test";
		};
/* End PBXNativeTarget section */

/* Begin PBXProject section */
		6545B33A1F68FFDD009B3475 /* Project object */ = {
			isa = PBXProject;
			attributes = {
				LastUpgradeCheck = 0830;
				ORGANIZATIONNAME = admin;
				TargetAttributes = {
					6545B3411F68FFDD009B3475 = {
						CreatedOnToolsVersion = 8.3.3;
						DevelopmentTeam = MV66W2S852;
						ProvisioningStyle = Manual;
					};
					6545B35A1F68FFDE009B3475 = {
						CreatedOnToolsVersion = 8.3.3;
						ProvisioningStyle = Automatic;
						TestTargetID = 6545B3411F68FFDD009B3475;
					};
				};
			};
			buildConfigurationList = 6545B33D1F68FFDD009B3475 /* Build configuration list for PBXProject "JenkinsTest" */;
			compatibilityVersion = "Xcode 3.2";
			developmentRegion = English;
			hasScannedForEncodings = 0;
			knownRegions = (
				en,
				Base,
			);
			mainGroup = 6545B3391F68FFDD009B3475;
			productRefGroup = 6545B3431F68FFDD009B3475 /* Products */;
			projectDirPath = "";
			projectRoot = "";
			targets = (
				6545B3411F68FFDD009B3475 /* JenkinsTest */,
				6545B35A1F68FFDE009B3475 /* JenkinsTestTests */,
			);
		};
/* End PBXProject section */

/* Begin PBXResourcesBuildPhase section */
		6545B3401F68FFDD009B3475 /* Resources */ = {
			isa = PBXResourcesBuildPhase;
			buildActionMask = 2147483647;
			files = (
				6545B3551F68FFDE009B3475 /* LaunchScreen.storyboard in Resources */,
				6545B3521F68FFDE009B3475 /* Assets.xcassets in Resources */,
				6545B3501F68FFDE009B3475 /* Main.storyboard in Resources */,
			);
			runOnlyForDeploymentPostprocessing = 0;
		};
		6545B3591F68FFDE009B3475 /* Resources */ = {
			isa = PBXResourcesBuildPhase;
			buildActionMask = 2147483647;
			files = (
			);
			runOnlyForDeploymentPostprocessing = 0;
		};
/* End PBXResourcesBuildPhase section */

/* Begin PBXSourcesBuildPhase section */
		6545B33E1F68FFDD009B3475 /* Sources */ = {
			isa = PBXSourcesBuildPhase;
			buildActionMask = 2147483647;
			files = (
				6545B34D1F68FFDD009B3475 /* ViewController.m in Sources */,
				6545B34A1F68FFDD009B3475 /* AppDelegate.m in Sources */,
				6545B3471F68FFDD009B3475 /* main.m in Sources */,
			);
			runOnlyForDeploymentPostprocessing = 0;
		};
		6545B3571F68FFDE009B3475 /* Sources */ = {
			isa = PBXSourcesBuildPhase;
			buildActionMask = 2147483647;
			files = (
				6545B3601F68FFDE009B3475 /* JenkinsTestTests.m in Sources */,
			);
			runOnlyForDeploymentPostprocessing = 0;
		};
/* End PBXSourcesBuildPhase section */

/* Begin PBXTargetDependency section */
		6545B35D1F68FFDE009B3475 /* PBXTargetDependency */ = {
			isa = PBXTargetDependency;
			target = 6545B3411F68FFDD009B3475 /* JenkinsTest */;
			targetProxy = 6545B35C1F68FFDE009B3475 /* PBXContainerItemProxy */;
		};
/* End PBXTargetDependency section */

/* Begin PBXVariantGroup section */
		6545B34E1F68FFDE009B3475 /* Main.storyboard */ = {
			isa = PBXVariantGroup;
			children = (
				6545B34F1F68FFDE009B3475 /* Base */,
			);
			name = Main.storyboard;
			sourceTree = "<group>";
		};
		6545B3531F68FFDE009B3475 /* LaunchScreen.storyboard */ = {
			isa = PBXVariantGroup;
			children = (
				6545B3541F68FFDE009B3475 /* Base */,
			);
			name = LaunchScreen.storyboard;
			sourceTree = "<group>";
		};
/* End PBXVariantGroup section */

/* Begin XCBuildConfiguration section */
		6545B3621F68FFDE009B3475 /* Debug */ = {
			isa = XCBuildConfiguration;
			buildSettings = {
				ALWAYS_SEARCH_USER_PATHS = NO;
				CLANG_ANALYZER_NONNULL = YES;
				CLANG_ANALYZER_NUMBER_OBJECT_CONVERSION = YES_AGGRESSIVE;
				CLANG_CXX_LANGUAGE_STANDARD = "gnu++0x";
				CLANG_CXX_LIBRARY = "libc++";
				CLANG_ENABLE_MODULES = YES;
				CLANG_ENABLE_OBJC_ARC = YES;
				CLANG_WARN_BOOL_CONVERSION = YES;
				CLANG_WARN_CONSTANT_CONVERSION = YES;
				CLANG_WARN_DIRECT_OBJC_ISA_USAGE = YES_ERROR;
				CLANG_WARN_DOCUMENTATION_COMMENTS = YES;
				CLANG_WARN_EMPTY_BODY = YES;
				CLANG_WARN_ENUM_CONVERSION = YES;
				CLANG_WARN_INFINITE_RECURSION = YES;
				CLANG_WARN_INT_CONVERSION = YES;
				CLANG_WARN_OBJC_ROOT_CLASS = YES_ERROR;
				CLANG_WARN_SUSPICIOUS_MOVE = YES;
				CLANG_WARN_UNREACHABLE_CODE = YES;
				CLANG_WARN__DUPLICATE_METHOD_MATCH = YES;
				"CODE_SIGN_IDENTITY[sdk=iphoneos*]" = "iPhone Developer";
				COPY_PHASE_STRIP = NO;
				DEBUG_INFORMATION_FORMAT = dwarf;
				ENABLE_STRICT_OBJC_MSGSEND = YES;
				ENABLE_TESTABILITY = YES;
				GCC_C_LANGUAGE_STANDARD = gnu99;
				GCC_DYNAMIC_NO_PIC = NO;
				GCC_NO_COMMON_BLOCKS = YES;
				GCC_OPTIMIZATION_LEVEL = 0;
				GCC_PREPROCESSOR_DEFINITIONS = (
					"DEBUG=1",
					"$(inherited)",
				);
				GCC_WARN_64_TO_32_BIT_CONVERSION = YES;
				GCC_WARN_ABOUT_RETURN_TYPE = YES_ERROR;
				GCC_WARN_UNDECLARED_SELECTOR = YES;
				GCC_WARN_UNINITIALIZED_AUTOS = YES_AGGRESSIVE;
				GCC_WARN_UNUSED_FUNCTION = YES;
				GCC_WARN_UNUSED_VARIABLE = YES;
				IPHONEOS_DEPLOYMENT_TARGET = 10.3;
				MTL_ENABLE_DEBUG_INFO = YES;
				ONLY_ACTIVE_ARCH = YES;
				SDKROOT = iphoneos;
			};
			name = Debug;
		};
		6545B3631F68FFDE009B3475 /* Release */ = {
			isa = XCBuildConfiguration;
			buildSettings = {
				ALWAYS_SEARCH_USER_PATHS = NO;
				CLANG_ANALYZER_NONNULL = YES;
				CLANG_ANALYZER_NUMBER_OBJECT_CONVERSION = YES_AGGRESSIVE;
				CLANG_CXX_LANGUAGE_STANDARD = "gnu++0x";
				CLANG_CXX_LIBRARY = "libc++";
				CLANG_ENABLE_MODULES = YES;
				CLANG_ENABLE_OBJC_ARC = YES;
				CLANG_WARN_BOOL_CONVERSION = YES;
				CLANG_WARN_CONSTANT_CONVERSION = YES;
				CLANG_WARN_DIRECT_OBJC_ISA_USAGE = YES_ERROR;
				CLANG_WARN_DOCUMENTATION_COMMENTS = YES;
				CLANG_WARN_EMPTY_BODY = YES;
				CLANG_WARN_ENUM_CONVERSION = YES;
				CLANG_WARN_INFINITE_RECURSION = YES;
				CLANG_WARN_INT_CONVERSION = YES;
				CLANG_WARN_OBJC_ROOT_CLASS = YES_ERROR;
				CLANG_WARN_SUSPICIOUS_MOVE = YES;
				CLANG_WARN_UNREACHABLE_CODE = YES;
				CLANG_WARN__DUPLICATE_METHOD_MATCH = YES;
				"CODE_SIGN_IDENTITY[sdk=iphoneos*]" = "iPhone Developer";
				COPY_PHASE_STRIP = NO;
				DEBUG_INFORMATION_FORMAT = "dwarf-with-dsym";
				ENABLE_NS_ASSERTIONS = NO;
				ENABLE_STRICT_OBJC_MSGSEND = YES;
				GCC_C_LANGUAGE_STANDARD = gnu99;
				GCC_NO_COMMON_BLOCKS = YES;
				GCC_WARN_64_TO_32_BIT_CONVERSION = YES;
				GCC_WARN_ABOUT_RETURN_TYPE = YES_ERROR;
				GCC_WARN_UNDECLARED_SELECTOR = YES;
				GCC_WARN_UNINITIALIZED_AUTOS = YES_AGGRESSIVE;
				GCC_WARN_UNUSED_FUNCTION = YES;
				GCC_WARN_UNUSED_VARIABLE = YES;
				IPHONEOS_DEPLOYMENT_TARGET = 10.3;
				MTL_ENABLE_DEBUG_INFO = NO;
				SDKROOT = iphoneos;
				VALIDATE_PRODUCT = YES;
			};
			name = Release;
		};
		6545B3651F68FFDE009B3475 /* Debug */ = {
			isa = XCBuildConfiguration;
			buildSettings = {
				ASSETCATALOG_COMPILER_APPICON_NAME = AppIcon;
				"CODE_SIGN_IDENTITY[sdk=iphoneos*]" = "iPhone Distribution";
				DEVELOPMENT_TEAM = MV66W2S852;
				INFOPLIST_FILE = JenkinsTest/Info.plist;
				IPHONEOS_DEPLOYMENT_TARGET = 8.0;
				LD_RUNPATH_SEARCH_PATHS = "$(inherited) @executable_path/Frameworks";
				PRODUCT_BUNDLE_IDENTIFIER = com.gexun.FoodControl;
				PRODUCT_NAME = "$(TARGET_NAME)";
				PROVISIONING_PROFILE = "2dbc9443-98f8-4263-8c81-247e8cf705c5";
				PROVISIONING_PROFILE_SPECIFIER = "XC iOS: com.gexun.FoodControl";
			};
			name = Debug;
		};
		6545B3661F68FFDE009B3475 /* Release */ = {
			isa = XCBuildConfiguration;
			buildSettings = {
				ASSETCATALOG_COMPILER_APPICON_NAME = AppIcon;
				"CODE_SIGN_IDENTITY[sdk=iphoneos*]" = "iPhone Distribution";
				DEVELOPMENT_TEAM = MV66W2S852;
				INFOPLIST_FILE = JenkinsTest/Info.plist;
				IPHONEOS_DEPLOYMENT_TARGET = 8.0;
				LD_RUNPATH_SEARCH_PATHS = "$(inherited) @executable_path/Frameworks";
				PRODUCT_BUNDLE_IDENTIFIER = com.gexun.FoodControl;
				PRODUCT_NAME = "$(TARGET_NAME)";
				PROVISIONING_PROFILE = "2dbc9443-98f8-4263-8c81-247e8cf705c5";
				PROVISIONING_PROFILE_SPECIFIER = "XC iOS: com.gexun.FoodControl";
			};
			name = Release;
		};
		6545B3681F68FFDE009B3475 /* Debug */ = {
			isa = XCBuildConfiguration;
			buildSettings = {
				BUNDLE_LOADER = "$(TEST_HOST)";
				INFOPLIST_FILE = JenkinsTestTests/Info.plist;
				LD_RUNPATH_SEARCH_PATHS = "$(inherited) @executable_path/Frameworks @loader_path/Frameworks";
				PRODUCT_BUNDLE_IDENTIFIER = admin.JenkinsTestTests;
				PRODUCT_NAME = "$(TARGET_NAME)";
				TEST_HOST = "$(BUILT_PRODUCTS_DIR)/JenkinsTest.app/JenkinsTest";
			};
			name = Debug;
		};
		6545B3691F68FFDE009B3475 /* Release */ = {
			isa = XCBuildConfiguration;
			buildSettings = {
				BUNDLE_LOADER = "$(TEST_HOST)";
				INFOPLIST_FILE = JenkinsTestTests/Info.plist;
				LD_RUNPATH_SEARCH_PATHS = "$(inherited) @executable_path/Frameworks @loader_path/Frameworks";
				PRODUCT_BUNDLE_IDENTIFIER = admin.JenkinsTestTests;
				PRODUCT_NAME = "$(TARGET_NAME)";
				TEST_HOST = "$(BUILT_PRODUCTS_DIR)/JenkinsTest.app/JenkinsTest";
			};
			name = Release;
		};
/* End XCBuildConfiguration section */

/* Begin XCConfigurationList section */
		6545B33D1F68FFDD009B3475 /* Build configuration list for PBXProject "JenkinsTest" */ = {
			isa = XCConfigurationList;
			buildConfigurations = (
				6545B3621F68FFDE009B3475 /* Debug */,
				6545B3631F68FFDE009B3475 /* Release */,
			);
			defaultConfigurationIsVisible = 0;
			defaultConfigurationName = Release;
		};
		6545B3641F68FFDE009B3475 /* Build configuration list for PBXNativeTarget "JenkinsTest" */ = {
			isa = XCConfigurationList;
			buildConfigurations = (
				6545B3651F68FFDE009B3475 /* Debug */,
				6545B3661F68FFDE009B3475 /* Release */,
			);
			defaultConfigurationIsVisible = 0;
			defaultConfigurationName = Release;
		};
		6545B3671F68FFDE009B3475 /* Build configuration list for PBXNativeTarget "JenkinsTestTests" */ = {
			isa = XCConfigurationList;
			buildConfigurations = (
				6545B3681F68FFDE009B3475 /* Debug */,
				6545B3691F68FFDE009B3475 /* Release */,
			);
			defaultConfigurationIsVisible = 0;
			defaultConfigurationName = Release;
		};
/* End XCConfigurationList section */
	};
	rootObject = 6545B33A1F68FFDD009B3475 /* Project object */;
}
